
Microsoft Visual Studio Solution File, Format Version 12.00
# Visual Studio 15
VisualStudioVersion = 15.0.28307.1622
MinimumVisualStudioVersion = 10.0.40219.1
Project("{8BC9CEB8-8B4A-11D0-8D11-00A0C91BC942}") = "Project1", "Project1\Project1.vcxproj", "{EFE1EF55-DB4C-436E-801C-297451A37CA5}"
EndProject
Global
	GlobalSection(SolutionConfigurationPlatforms) = preSolution
		Debug|x64 = Debug|x64
		Debug|x86 = Debug|x86
		Release|x64 = Release|x64
		Release|x86 = Release|x86
	EndGlobalSection
	GlobalSection(ProjectConfigurationPlatforms) = postSolution
		{EFE1EF55-DB4C-436E-801C-297451A37CA5}.Debug|x64.ActiveCfg = Debug|x64
		{EFE1EF55-DB4C-436E-801C-297451A37CA5}.Debug|x64.Build.0 = Debug|x64
		{EFE1EF55-DB4C-436E-801C-297451A37CA5}.Debug|x86.ActiveCfg = Debug|Win32
		{EFE1EF55-DB4C-436E-801C-297451A37CA5}.Debug|x86.Build.0 = Debug|Win32
		{EFE1EF55-DB4C-436E-801C-297451A37CA5}.Release|x64.ActiveCfg = Release|x64
		{EFE1EF55-DB4C-436E-801C-297451A37CA5}.Release|x64.Build.0 = Release|x64
		{EFE1EF55-DB4C-436E-801C-297451A37CA5}.Release|x86.ActiveCfg = Release|Win32
		{EFE1EF55-DB4C-436E-801C-297451A37CA5}.Release|x86.Build.0 = Release|Win32
	EndGlobalSection
	GlobalSection(SolutionProperties) = preSolution
		HideSolutionNode = FALSE
	EndGlobalSection
	GlobalSection(ExtensibilityGlobals) = postSolution
		SolutionGuid = {697D523A-F2CE-4D15-9334-B027C05B6B90}
	EndGlobalSection
EndGlobal
